
Microsoft Visual Studio Solution File, Format Version 12.00
# Visual Studio 2013
VisualStudioVersion = 12.0.21005.1
MinimumVisualStudioVersion = 10.0.40219.1
Project("{FAE04EC0-301F-11D3-BF4B-00C04F79EFBC}") = "C1_Presentacion", "C1_Presentacion\C1_Presentacion.csproj", "{FB5B6F28-E508-4CF3-BBEA-C8C4F76D1037}"
EndProject
Project("{FAE04EC0-301F-11D3-BF4B-00C04F79EFBC}") = "C2_Aplicacion", "C2_Aplicacion\C2_Aplicacion.csproj", "{A0ADF581-BBAC-44E7-9C83-D6E8BC927BC1}"
EndProject
Project("{FAE04EC0-301F-11D3-BF4B-00C04F79EFBC}") = "C4_Persistencia", "C4_Persistencia\C4_Persistencia.csproj", "{0F34B5E8-1E3A-42CC-A850-84A0B525AB1F}"
EndProject
Project("{FAE04EC0-301F-11D3-BF4B-00C04F79EFBC}") = "C3_Dominio", "C3_Dominio\C3_Dominio.csproj", "{BB83C2C0-B1AA-4925-AFDF-4D9B8B66DFEB}"
EndProject
Project("{FAE04EC0-301F-11D3-BF4B-00C04F79EFBC}") = "PruebasUnitarias", "PruebasUnitarias\PruebasUnitarias.csproj", "{99EFE33C-6E03-4C5B-A38F-4CDBA1D786B7}"
EndProject
Global
	GlobalSection(SolutionConfigurationPlatforms) = preSolution
		Debug|Any CPU = Debug|Any CPU
		Release|Any CPU = Release|Any CPU
	EndGlobalSection
	GlobalSection(ProjectConfigurationPlatforms) = postSolution
		{FB5B6F28-E508-4CF3-BBEA-C8C4F76D1037}.Debug|Any CPU.ActiveCfg = Debug|Any CPU
		{FB5B6F28-E508-4CF3-BBEA-C8C4F76D1037}.Debug|Any CPU.Build.0 = Debug|Any CPU
		{FB5B6F28-E508-4CF3-BBEA-C8C4F76D1037}.Release|Any CPU.ActiveCfg = Release|Any CPU
		{FB5B6F28-E508-4CF3-BBEA-C8C4F76D1037}.Release|Any CPU.Build.0 = Release|Any CPU
		{A0ADF581-BBAC-44E7-9C83-D6E8BC927BC1}.Debug|Any CPU.ActiveCfg = Debug|Any CPU
		{A0ADF581-BBAC-44E7-9C83-D6E8BC927BC1}.Debug|Any CPU.Build.0 = Debug|Any CPU
		{A0ADF581-BBAC-44E7-9C83-D6E8BC927BC1}.Release|Any CPU.ActiveCfg = Release|Any CPU
		{A0ADF581-BBAC-44E7-9C83-D6E8BC927BC1}.Release|Any CPU.Build.0 = Release|Any CPU
		{0F34B5E8-1E3A-42CC-A850-84A0B525AB1F}.Debug|Any CPU.ActiveCfg = Debug|Any CPU
		{0F34B5E8-1E3A-42CC-A850-84A0B525AB1F}.Debug|Any CPU.Build.0 = Debug|Any CPU
		{0F34B5E8-1E3A-42CC-A850-84A0B525AB1F}.Release|Any CPU.ActiveCfg = Release|Any CPU
		{0F34B5E8-1E3A-42CC-A850-84A0B525AB1F}.Release|Any CPU.Build.0 = Release|Any CPU
		{BB83C2C0-B1AA-4925-AFDF-4D9B8B66DFEB}.Debug|Any CPU.ActiveCfg = Debug|Any CPU
		{BB83C2C0-B1AA-4925-AFDF-4D9B8B66DFEB}.Debug|Any CPU.Build.0 = Debug|Any CPU
		{BB83C2C0-B1AA-4925-AFDF-4D9B8B66DFEB}.Release|Any CPU.ActiveCfg = Release|Any CPU
		{BB83C2C0-B1AA-4925-AFDF-4D9B8B66DFEB}.Release|Any CPU.Build.0 = Release|Any CPU
		{99EFE33C-6E03-4C5B-A38F-4CDBA1D786B7}.Debug|Any CPU.ActiveCfg = Debug|Any CPU
		{99EFE33C-6E03-4C5B-A38F-4CDBA1D786B7}.Debug|Any CPU.Build.0 = Debug|Any CPU
		{99EFE33C-6E03-4C5B-A38F-4CDBA1D786B7}.Release|Any CPU.ActiveCfg = Release|Any CPU
		{99EFE33C-6E03-4C5B-A38F-4CDBA1D786B7}.Release|Any CPU.Build.0 = Release|Any CPU
	EndGlobalSection
	GlobalSection(SolutionProperties) = preSolution
		HideSolutionNode = FALSE
	EndGlobalSection
EndGlobal
